
Microsoft Visual Studio Solution File, Format Version 12.00
# Visual Studio Version 17
VisualStudioVersion = 17.12.35514.174 d17.12
MinimumVisualStudioVersion = 10.0.40219.1
Project("{FAE04EC0-301F-11D3-BF4B-00C04F79EFBC}") = "BeED", "BeED\BeED.csproj", "{97E7BB24-5EF8-43B1-8008-1E882C3E6961}"
EndProject
Project("{FAE04EC0-301F-11D3-BF4B-00C04F79EFBC}") = "BeED-Test", "BeED-Test\BeED-Test.csproj", "{D2F8BC44-BF1F-4A2D-97A4-1BCC1E5CA612}"
EndProject
Global
	GlobalSection(SolutionConfigurationPlatforms) = preSolution
		Debug|Any CPU = Debug|Any CPU
		Release|Any CPU = Release|Any CPU
	EndGlobalSection
	GlobalSection(ProjectConfigurationPlatforms) = postSolution
		{97E7BB24-5EF8-43B1-8008-1E882C3E6961}.Debug|Any CPU.ActiveCfg = Debug|Any CPU
		{97E7BB24-5EF8-43B1-8008-1E882C3E6961}.Debug|Any CPU.Build.0 = Debug|Any CPU
		{97E7BB24-5EF8-43B1-8008-1E882C3E6961}.Release|Any CPU.ActiveCfg = Release|Any CPU
		{97E7BB24-5EF8-43B1-8008-1E882C3E6961}.Release|Any CPU.Build.0 = Release|Any CPU
		{D2F8BC44-BF1F-4A2D-97A4-1BCC1E5CA612}.Debug|Any CPU.ActiveCfg = Debug|Any CPU
		{D2F8BC44-BF1F-4A2D-97A4-1BCC1E5CA612}.Debug|Any CPU.Build.0 = Debug|Any CPU
		{D2F8BC44-BF1F-4A2D-97A4-1BCC1E5CA612}.Release|Any CPU.ActiveCfg = Release|Any CPU
		{D2F8BC44-BF1F-4A2D-97A4-1BCC1E5CA612}.Release|Any CPU.Build.0 = Release|Any CPU
	EndGlobalSection
	GlobalSection(SolutionProperties) = preSolution
		HideSolutionNode = FALSE
	EndGlobalSection
EndGlobal
